// !$*UTF8*$!
{
	archiveVersion = 1;
	classes = {
	};
	objectVersion = 77;
	objects = {

/* Begin PBXBuildFile section */
		D21E4C432FA7F00600BCBA5A /* WatchMotionRecordingKit in Frameworks */ = {isa = PBXBuildFile; productRef = D21E4C422FA7F00600BCBA5A /* WatchMotionRecordingKit */; };
		D21E4C442FA7F20000BCBA5A /* WatchMotionRecordingKit in Frameworks */ = {isa = PBXBuildFile; productRef = D21E4C422FA7F00600BCBA5A /* WatchMotionRecordingKit */; };
		D21E4C452FA7F30000BCBA5A /* WatchMotionRecordingKit in Frameworks */ = {isa = PBXBuildFile; productRef = D21E4C422FA7F00600BCBA5A /* WatchMotionRecordingKit */; };
		D24BE25C2F5B451E001F40A4 /* README.md in Resources */ = {isa = PBXBuildFile; fileRef = D24BE25B2F5B451E001F40A4 /* README.md */; };
		D2B91D212F5B0122005AE3AA /* MocapMetricWatch.app in Embed Watch Content */ = {isa = PBXBuildFile; fileRef = D2B91D012F5B0120005AE3AA /* MocapMetricWatch.app */; settings = {ATTRIBUTES = (RemoveHeadersOnCopy, ); }; };
/* End PBXBuildFile section */

/* Begin PBXContainerItemProxy section */
		D2B91CE02F5AFD02005AE3AA /* PBXContainerItemProxy */ = {
			isa = PBXContainerItemProxy;
			containerPortal = D2B91CC62F5AFCFF005AE3AA /* Project object */;
			proxyType = 1;
			remoteGlobalIDString = D2B91CCD2F5AFCFF005AE3AA;
			remoteInfo = HurleyMetric;
		};
		D2B91D1F2F5B0122005AE3AA /* PBXContainerItemProxy */ = {
			isa = PBXContainerItemProxy;
			containerPortal = D2B91CC62F5AFCFF005AE3AA /* Project object */;
			proxyType = 1;
			remoteGlobalIDString = D2B91D002F5B0120005AE3AA;
			remoteInfo = "HurleyMetricWatch Watch App";
		};
/* End PBXContainerItemProxy section */

/* Begin PBXCopyFilesBuildPhase section */
		D2B91D252F5B0122005AE3AA /* Embed Watch Content */ = {
			isa = PBXCopyFilesBuildPhase;
			buildActionMask = 2147483647;
			dstPath = "$(CONTENTS_FOLDER_PATH)/Watch";
			dstSubfolderSpec = 16;
			files = (
				D2B91D212F5B0122005AE3AA /* MocapMetricWatch.app in Embed Watch Content */,
			);
			name = "Embed Watch Content";
			runOnlyForDeploymentPostprocessing = 0;
		};
/* End PBXCopyFilesBuildPhase section */

/* Begin PBXFileReference section */
		D24BE25B2F5B451E001F40A4 /* README.md */ = {isa = PBXFileReference; lastKnownFileType = net.daringfireball.markdown; path = README.md; sourceTree = "<group>"; };
		D2B91CCE2F5AFCFF005AE3AA /* MocapMetric.app */ = {isa = PBXFileReference; explicitFileType = wrapper.application; includeInIndex = 0; path = MocapMetric.app; sourceTree = BUILT_PRODUCTS_DIR; };
		D2B91CDF2F5AFD02005AE3AA /* MocapMetricTests.xctest */ = {isa = PBXFileReference; explicitFileType = wrapper.cfbundle; includeInIndex = 0; path = MocapMetricTests.xctest; sourceTree = BUILT_PRODUCTS_DIR; };
		D2B91D012F5B0120005AE3AA /* MocapMetricWatch.app */ = {isa = PBXFileReference; explicitFileType = wrapper.application; includeInIndex = 0; path = MocapMetricWatch.app; sourceTree = BUILT_PRODUCTS_DIR; };
/* End PBXFileReference section */

/* Begin PBXFileSystemSynchronizedBuildFileExceptionSet section */
		D2B91CF12F5AFD02005AE3AA /* Exceptions for "MocapMetric" folder in "MocapMetric" target */ = {
			isa = PBXFileSystemSynchronizedBuildFileExceptionSet;
			membershipExceptions = (
				Info.plist,
			);
			target = D2B91CCD2F5AFCFF005AE3AA /* MocapMetric */;
		};
		D2B91D2C2F5B0122005AE3AA /* Exceptions for "MocapMetricWatch" folder in "MocapMetricWatch" target */ = {
			isa = PBXFileSystemSynchronizedBuildFileExceptionSet;
			membershipExceptions = (
				Info.plist,
			);
			target = D2B91D002F5B0120005AE3AA /* MocapMetricWatch */;
		};
/* End PBXFileSystemSynchronizedBuildFileExceptionSet section */

/* Begin PBXFileSystemSynchronizedRootGroup section */
		D2B91CD02F5AFCFF005AE3AA /* MocapMetric */ = {
			isa = PBXFileSystemSynchronizedRootGroup;
			exceptions = (
				D2B91CF12F5AFD02005AE3AA /* Exceptions for "MocapMetric" folder in "MocapMetric" target */,
			);
			path = MocapMetric;
			sourceTree = "<group>";
		};
		D2B91CE22F5AFD02005AE3AA /* MocapMetricTests */ = {
			isa = PBXFileSystemSynchronizedRootGroup;
			path = MocapMetricTests;
			sourceTree = "<group>";
		};
		D2B91D022F5B0120005AE3AA /* MocapMetricWatch */ = {
			isa = PBXFileSystemSynchronizedRootGroup;
			exceptions = (
				D2B91D2C2F5B0122005AE3AA /* Exceptions for "MocapMetricWatch" folder in "MocapMetricWatch" target */,
			);
			path = MocapMetricWatch;
			sourceTree = "<group>";
		};
/* End PBXFileSystemSynchronizedRootGroup section */

/* Begin PBXFrameworksBuildPhase section */
		D2B91CCB2F5AFCFF005AE3AA /* Frameworks */ = {
			isa = PBXFrameworksBuildPhase;
			buildActionMask = 2147483647;
			files = (
				D21E4C442FA7F20000BCBA5A /* WatchMotionRecordingKit in Frameworks */,
			);
			runOnlyForDeploymentPostprocessing = 0;
		};
		D2B91CDC2F5AFD02005AE3AA /* Frameworks */ = {
			isa = PBXFrameworksBuildPhase;
			buildActionMask = 2147483647;
			files = (
				D21E4C452FA7F30000BCBA5A /* WatchMotionRecordingKit in Frameworks */,
			);
			runOnlyForDeploymentPostprocessing = 0;
		};
		D2B91CFE2F5B0120005AE3AA /* Frameworks */ = {
			isa = PBXFrameworksBuildPhase;
			buildActionMask = 2147483647;
			files = (
				D21E4C432FA7F00600BCBA5A /* WatchMotionRecordingKit in Frameworks */,
			);
			runOnlyForDeploymentPostprocessing = 0;
		};
/* End PBXFrameworksBuildPhase section */

/* Begin PBXGroup section */
		D2B91CC52F5AFCFF005AE3AA = {
			isa = PBXGroup;
			children = (
				D2B91CD02F5AFCFF005AE3AA /* MocapMetric */,
				D2B91CE22F5AFD02005AE3AA /* MocapMetricTests */,
				D2B91D022F5B0120005AE3AA /* MocapMetricWatch */,
				D2B91CCF2F5AFCFF005AE3AA /* Products */,
				D24BE25B2F5B451E001F40A4 /* README.md */,
			);
			sourceTree = "<group>";
		};
		D2B91CCF2F5AFCFF005AE3AA /* Products */ = {
			isa = PBXGroup;
			children = (
				D2B91CCE2F5AFCFF005AE3AA /* MocapMetric.app */,
				D2B91CDF2F5AFD02005AE3AA /* MocapMetricTests.xctest */,
				D2B91D012F5B0120005AE3AA /* MocapMetricWatch.app */,
			);
			name = Products;
			sourceTree = "<group>";
		};
/* End PBXGroup section */

/* Begin PBXNativeTarget section */
		D2B91CCD2F5AFCFF005AE3AA /* MocapMetric */ = {
			isa = PBXNativeTarget;
			buildConfigurationList = D2B91CF22F5AFD02005AE3AA /* Build configuration list for PBXNativeTarget "MocapMetric" */;
			buildPhases = (
				D2B91CCA2F5AFCFF005AE3AA /* Sources */,
				D2B91CCB2F5AFCFF005AE3AA /* Frameworks */,
				D2B91CCC2F5AFCFF005AE3AA /* Resources */,
				D2B91D252F5B0122005AE3AA /* Embed Watch Content */,
			);
			buildRules = (
			);
			dependencies = (
				D2B91D202F5B0122005AE3AA /* PBXTargetDependency */,
			);
			fileSystemSynchronizedGroups = (
				D2B91CD02F5AFCFF005AE3AA /* MocapMetric */,
			);
			name = MocapMetric;
			packageProductDependencies = (
				D21E4C422FA7F00600BCBA5A /* WatchMotionRecordingKit */,
			);
			productName = HurleyMetric;
			productReference = D2B91CCE2F5AFCFF005AE3AA /* MocapMetric.app */;
			productType = "com.apple.product-type.application";
		};
		D2B91CDE2F5AFD02005AE3AA /* MocapMetricTests */ = {
			isa = PBXNativeTarget;
			buildConfigurationList = D2B91CF72F5AFD02005AE3AA /* Build configuration list for PBXNativeTarget "MocapMetricTests" */;
			buildPhases = (
				D2B91CDB2F5AFD02005AE3AA /* Sources */,
				D2B91CDC2F5AFD02005AE3AA /* Frameworks */,
				D2B91CDD2F5AFD02005AE3AA /* Resources */,
			);
			buildRules = (
			);
			dependencies = (
				D2B91CE12F5AFD02005AE3AA /* PBXTargetDependency */,
			);
			fileSystemSynchronizedGroups = (
				D2B91CE22F5AFD02005AE3AA /* MocapMetricTests */,
			);
			name = MocapMetricTests;
			packageProductDependencies = (
				D21E4C422FA7F00600BCBA5A /* WatchMotionRecordingKit */,
			);
			productName = HurleyMetricTests;
			productReference = D2B91CDF2F5AFD02005AE3AA /* MocapMetricTests.xctest */;
			productType = "com.apple.product-type.bundle.unit-test";
		};
		D2B91D002F5B0120005AE3AA /* MocapMetricWatch */ = {
			isa = PBXNativeTarget;
			buildConfigurationList = D2B91D222F5B0122005AE3AA /* Build configuration list for PBXNativeTarget "MocapMetricWatch" */;
			buildPhases = (
				D2B91CFD2F5B0120005AE3AA /* Sources */,
				D2B91CFE2F5B0120005AE3AA /* Frameworks */,
				D2B91CFF2F5B0120005AE3AA /* Resources */,
			);
			buildRules = (
			);
			dependencies = (
			);
			fileSystemSynchronizedGroups = (
				D2B91D022F5B0120005AE3AA /* MocapMetricWatch */,
			);
			name = MocapMetricWatch;
			packageProductDependencies = (
				D21E4C422FA7F00600BCBA5A /* WatchMotionRecordingKit */,
			);
			productName = "HurleyMetricWatch Watch App";
			productReference = D2B91D012F5B0120005AE3AA /* MocapMetricWatch.app */;
			productType = "com.apple.product-type.application";
		};
/* End PBXNativeTarget section */

/* Begin PBXProject section */
		D2B91CC62F5AFCFF005AE3AA /* Project object */ = {
			isa = PBXProject;
			attributes = {
				BuildIndependentTargetsInParallel = 1;
				LastSwiftUpdateCheck = 2630;
				LastUpgradeCheck = 2630;
				TargetAttributes = {
					D2B91CCD2F5AFCFF005AE3AA = {
						CreatedOnToolsVersion = 26.3;
					};
					D2B91CDE2F5AFD02005AE3AA = {
						CreatedOnToolsVersion = 26.3;
						TestTargetID = D2B91CCD2F5AFCFF005AE3AA;
					};
					D2B91D002F5B0120005AE3AA = {
						CreatedOnToolsVersion = 26.3;
					};
				};
			};
			buildConfigurationList = D2B91CC92F5AFCFF005AE3AA /* Build configuration list for PBXProject "MocapMetric" */;
			developmentRegion = en;
			hasScannedForEncodings = 0;
			knownRegions = (
				en,
				Base,
			);
			mainGroup = D2B91CC52F5AFCFF005AE3AA;
			minimizedProjectReferenceProxies = 1;
			packageReferences = (
				D21E4C412FA7F00600BCBA5A /* XCLocalSwiftPackageReference "../WatchMotionRecordingKit" */,
			);
			preferredProjectObjectVersion = 77;
			productRefGroup = D2B91CCF2F5AFCFF005AE3AA /* Products */;
			projectDirPath = "";
			projectRoot = "";
			targets = (
				D2B91CCD2F5AFCFF005AE3AA /* MocapMetric */,
				D2B91CDE2F5AFD02005AE3AA /* MocapMetricTests */,
				D2B91D002F5B0120005AE3AA /* MocapMetricWatch */,
			);
		};
/* End PBXProject section */

/* Begin PBXResourcesBuildPhase section */
		D2B91CCC2F5AFCFF005AE3AA /* Resources */ = {
			isa = PBXResourcesBuildPhase;
			buildActionMask = 2147483647;
			files = (
				D24BE25C2F5B451E001F40A4 /* README.md in Resources */,
			);
			runOnlyForDeploymentPostprocessing = 0;
		};
		D2B91CDD2F5AFD02005AE3AA /* Resources */ = {
			isa = PBXResourcesBuildPhase;
			buildActionMask = 2147483647;
			files = (
			);
			runOnlyForDeploymentPostprocessing = 0;
		};
		D2B91CFF2F5B0120005AE3AA /* Resources */ = {
			isa = PBXResourcesBuildPhase;
			buildActionMask = 2147483647;
			files = (
			);
			runOnlyForDeploymentPostprocessing = 0;
		};
/* End PBXResourcesBuildPhase section */

/* Begin PBXSourcesBuildPhase section */
		D2B91CCA2F5AFCFF005AE3AA /* Sources */ = {
			isa = PBXSourcesBuildPhase;
			buildActionMask = 2147483647;
			files = (
			);
			runOnlyForDeploymentPostprocessing = 0;
		};
		D2B91CDB2F5AFD02005AE3AA /* Sources */ = {
			isa = PBXSourcesBuildPhase;
			buildActionMask = 2147483647;
			files = (
			);
			runOnlyForDeploymentPostprocessing = 0;
		};
		D2B91CFD2F5B0120005AE3AA /* Sources */ = {
			isa = PBXSourcesBuildPhase;
			buildActionMask = 2147483647;
			files = (
			);
			runOnlyForDeploymentPostprocessing = 0;
		};
/* End PBXSourcesBuildPhase section */

/* Begin PBXTargetDependency section */
		D2B91CE12F5AFD02005AE3AA /* PBXTargetDependency */ = {
			isa = PBXTargetDependency;
			target = D2B91CCD2F5AFCFF005AE3AA /* MocapMetric */;
			targetProxy = D2B91CE02F5AFD02005AE3AA /* PBXContainerItemProxy */;
		};
		D2B91D202F5B0122005AE3AA /* PBXTargetDependency */ = {
			isa = PBXTargetDependency;
			target = D2B91D002F5B0120005AE3AA /* MocapMetricWatch */;
			targetProxy = D2B91D1F2F5B0122005AE3AA /* PBXContainerItemProxy */;
		};
/* End PBXTargetDependency section */

/* Begin XCBuildConfiguration section */
		D2B91CF32F5AFD02005AE3AA /* Debug */ = {
			isa = XCBuildConfiguration;
			buildSettings = {
				ASSETCATALOG_COMPILER_APPICON_NAME = AppIcon;
				ASSETCATALOG_COMPILER_GLOBAL_ACCENT_COLOR_NAME = AccentColor;
				CODE_SIGN_ENTITLEMENTS = MocapMetric/MocapMetric.entitlements;
				CODE_SIGN_IDENTITY = "Apple Development";
				CODE_SIGN_STYLE = Automatic;
				CURRENT_PROJECT_VERSION = 1;
				DEVELOPMENT_TEAM = DHKZ7WR43P;
				ENABLE_PREVIEWS = YES;
				GENERATE_INFOPLIST_FILE = YES;
				INFOPLIST_FILE = MocapMetric/Info.plist;
				INFOPLIST_KEY_UIApplicationSceneManifest_Generation = YES;
				INFOPLIST_KEY_UIApplicationSupportsIndirectInputEvents = YES;
				INFOPLIST_KEY_UILaunchScreen_Generation = YES;
				INFOPLIST_KEY_UISupportedInterfaceOrientations_iPad = "UIInterfaceOrientationPortrait UIInterfaceOrientationPortraitUpsideDown UIInterfaceOrientationLandscapeLeft UIInterfaceOrientationLandscapeRight";
				INFOPLIST_KEY_UISupportedInterfaceOrientations_iPhone = "UIInterfaceOrientationPortrait UIInterfaceOrientationLandscapeLeft UIInterfaceOrientationLandscapeRight";
				IPHONEOS_DEPLOYMENT_TARGET = 26.0;
				LD_RUNPATH_SEARCH_PATHS = (
					"$(inherited)",
					"@executable_path/Frameworks",
				);
				MARKETING_VERSION = 1.0;
				PRODUCT_BUNDLE_IDENTIFIER = com.sakrist.MocapMetric;
				PRODUCT_NAME = "$(TARGET_NAME)";
				PROVISIONING_PROFILE_SPECIFIER = "";
				STRING_CATALOG_GENERATE_SYMBOLS = YES;
				SWIFT_APPROACHABLE_CONCURRENCY = YES;
				SWIFT_DEFAULT_ACTOR_ISOLATION = MainActor;
				SWIFT_EMIT_LOC_STRINGS = YES;
				SWIFT_UPCOMING_FEATURE_MEMBER_IMPORT_VISIBILITY = YES;
				SWIFT_VERSION = 5.0;
				TARGETED_DEVICE_FAMILY = "1,2";
			};
			name = Debug;
		};
		D2B91CF42F5AFD02005AE3AA /* Release */ = {
			isa = XCBuildConfiguration;
			buildSettings = {
				ASSETCATALOG_COMPILER_APPICON_NAME = AppIcon;
				ASSETCATALOG_COMPILER_GLOBAL_ACCENT_COLOR_NAME = AccentColor;
				CODE_SIGN_ENTITLEMENTS = MocapMetric/MocapMetric.entitlements;
				CODE_SIGN_IDENTITY = "Apple Development";
				CODE_SIGN_STYLE = Automatic;
				CURRENT_PROJECT_VERSION = 1;
				DEVELOPMENT_TEAM = DHKZ7WR43P;
				ENABLE_PREVIEWS = YES;
				GENERATE_INFOPLIST_FILE = YES;
				INFOPLIST_FILE = MocapMetric/Info.plist;
				INFOPLIST_KEY_UIApplicationSceneManifest_Generation = YES;
				INFOPLIST_KEY_UIApplicationSupportsIndirectInputEvents = YES;
				INFOPLIST_KEY_UILaunchScreen_Generation = YES;
				INFOPLIST_KEY_UISupportedInterfaceOrientations_iPad = "UIInterfaceOrientationPortrait UIInterfaceOrientationPortraitUpsideDown UIInterfaceOrientationLandscapeLeft UIInterfaceOrientationLandscapeRight";
				INFOPLIST_KEY_UISupportedInterfaceOrientations_iPhone = "UIInterfaceOrientationPortrait UIInterfaceOrientationLandscapeLeft UIInterfaceOrientationLandscapeRight";
				IPHONEOS_DEPLOYMENT_TARGET = 26.0;
				LD_RUNPATH_SEARCH_PATHS = (
					"$(inherited)",
					"@executable_path/Frameworks",
				);
				MARKETING_VERSION = 1.0;
				PRODUCT_BUNDLE_IDENTIFIER = com.sakrist.MocapMetric;
				PRODUCT_NAME = "$(TARGET_NAME)";
				PROVISIONING_PROFILE_SPECIFIER = "";
				STRING_CATALOG_GENERATE_SYMBOLS = YES;
				SWIFT_APPROACHABLE_CONCURRENCY = YES;
				SWIFT_DEFAULT_ACTOR_ISOLATION = MainActor;
				SWIFT_EMIT_LOC_STRINGS = YES;
				SWIFT_UPCOMING_FEATURE_MEMBER_IMPORT_VISIBILITY = YES;
				SWIFT_VERSION = 5.0;
				TARGETED_DEVICE_FAMILY = "1,2";
			};
			name = Release;
		};
		D2B91CF52F5AFD02005AE3AA /* Debug */ = {
			isa = XCBuildConfiguration;
			buildSettings = {
				ALWAYS_SEARCH_USER_PATHS = NO;
				ASSETCATALOG_COMPILER_GENERATE_SWIFT_ASSET_SYMBOL_EXTENSIONS = YES;
				CLANG_ANALYZER_NONNULL = YES;
				CLANG_ANALYZER_NUMBER_OBJECT_CONVERSION = YES_AGGRESSIVE;
				CLANG_CXX_LANGUAGE_STANDARD = "gnu++20";
				CLANG_ENABLE_MODULES = YES;
				CLANG_ENABLE_OBJC_ARC = YES;
				CLANG_ENABLE_OBJC_WEAK = YES;
				CLANG_WARN_BLOCK_CAPTURE_AUTORELEASING = YES;
				CLANG_WARN_BOOL_CONVERSION = YES;
				CLANG_WARN_COMMA = YES;
				CLANG_WARN_CONSTANT_CONVERSION = YES;
				CLANG_WARN_DEPRECATED_OBJC_IMPLEMENTATIONS = YES;
				CLANG_WARN_DIRECT_OBJC_ISA_USAGE = YES_ERROR;
				CLANG_WARN_DOCUMENTATION_COMMENTS = YES;
				CLANG_WARN_EMPTY_BODY = YES;
				CLANG_WARN_ENUM_CONVERSION = YES;
				CLANG_WARN_INFINITE_RECURSION = YES;
				CLANG_WARN_INT_CONVERSION = YES;
				CLANG_WARN_NON_LITERAL_NULL_CONVERSION = YES;
				CLANG_WARN_OBJC_IMPLICIT_RETAIN_SELF = YES;
				CLANG_WARN_OBJC_LITERAL_CONVERSION = YES;
				CLANG_WARN_OBJC_ROOT_CLASS = YES_ERROR;
				CLANG_WARN_QUOTED_INCLUDE_IN_FRAMEWORK_HEADER = YES;
				CLANG_WARN_RANGE_LOOP_ANALYSIS = YES;
				CLANG_WARN_STRICT_PROTOTYPES = YES;
				CLANG_WARN_SUSPICIOUS_MOVE = YES;
				CLANG_WARN_UNGUARDED_AVAILABILITY = YES_AGGRESSIVE;
				CLANG_WARN_UNREACHABLE_CODE = YES;
				CLANG_WARN__DUPLICATE_METHOD_MATCH = YES;
				COPY_PHASE_STRIP = NO;
				DEBUG_INFORMATION_FORMAT = dwarf;
				DEVELOPMENT_TEAM = DHKZ7WR43P;
				ENABLE_STRICT_OBJC_MSGSEND = YES;
				ENABLE_TESTABILITY = YES;
				ENABLE_USER_SCRIPT_SANDBOXING = YES;
				GCC_C_LANGUAGE_STANDARD = gnu17;
				GCC_DYNAMIC_NO_PIC = NO;
				GCC_NO_COMMON_BLOCKS = YES;
				GCC_OPTIMIZATION_LEVEL = 0;
				GCC_PREPROCESSOR_DEFINITIONS = (
					"DEBUG=1",
					"$(inherited)",
				);
				GCC_WARN_64_TO_32_BIT_CONVERSION = YES;
				GCC_WARN_ABOUT_RETURN_TYPE = YES_ERROR;
				GCC_WARN_UNDECLARED_SELECTOR = YES;
				GCC_WARN_UNINITIALIZED_AUTOS = YES_AGGRESSIVE;
				GCC_WARN_UNUSED_FUNCTION = YES;
				GCC_WARN_UNUSED_VARIABLE = YES;
				IPHONEOS_DEPLOYMENT_TARGET = 26.2;
				LOCALIZATION_PREFERS_STRING_CATALOGS = YES;
				MTL_ENABLE_DEBUG_INFO = INCLUDE_SOURCE;
				MTL_FAST_MATH = YES;
				ONLY_ACTIVE_ARCH = YES;
				SDKROOT = iphoneos;
				SWIFT_ACTIVE_COMPILATION_CONDITIONS = "DEBUG $(inherited)";
				SWIFT_OPTIMIZATION_LEVEL = "-Onone";
			};
			name = Debug;
		};
		D2B91CF62F5AFD02005AE3AA /* Release */ = {
			isa = XCBuildConfiguration;
			buildSettings = {
				ALWAYS_SEARCH_USER_PATHS = NO;
				ASSETCATALOG_COMPILER_GENERATE_SWIFT_ASSET_SYMBOL_EXTENSIONS = YES;
				CLANG_ANALYZER_NONNULL = YES;
				CLANG_ANALYZER_NUMBER_OBJECT_CONVERSION = YES_AGGRESSIVE;
				CLANG_CXX_LANGUAGE_STANDARD = "gnu++20";
				CLANG_ENABLE_MODULES = YES;
				CLANG_ENABLE_OBJC_ARC = YES;
				CLANG_ENABLE_OBJC_WEAK = YES;
				CLANG_WARN_BLOCK_CAPTURE_AUTORELEASING = YES;
				CLANG_WARN_BOOL_CONVERSION = YES;
				CLANG_WARN_COMMA = YES;
				CLANG_WARN_CONSTANT_CONVERSION = YES;
				CLANG_WARN_DEPRECATED_OBJC_IMPLEMENTATIONS = YES;
				CLANG_WARN_DIRECT_OBJC_ISA_USAGE = YES_ERROR;
				CLANG_WARN_DOCUMENTATION_COMMENTS = YES;
				CLANG_WARN_EMPTY_BODY = YES;
				CLANG_WARN_ENUM_CONVERSION = YES;
				CLANG_WARN_INFINITE_RECURSION = YES;
				CLANG_WARN_INT_CONVERSION = YES;
				CLANG_WARN_NON_LITERAL_NULL_CONVERSION = YES;
				CLANG_WARN_OBJC_IMPLICIT_RETAIN_SELF = YES;
				CLANG_WARN_OBJC_LITERAL_CONVERSION = YES;
				CLANG_WARN_OBJC_ROOT_CLASS = YES_ERROR;
				CLANG_WARN_QUOTED_INCLUDE_IN_FRAMEWORK_HEADER = YES;
				CLANG_WARN_RANGE_LOOP_ANALYSIS = YES;
				CLANG_WARN_STRICT_PROTOTYPES = YES;
				CLANG_WARN_SUSPICIOUS_MOVE = YES;
				CLANG_WARN_UNGUARDED_AVAILABILITY = YES_AGGRESSIVE;
				CLANG_WARN_UNREACHABLE_CODE = YES;
				CLANG_WARN__DUPLICATE_METHOD_MATCH = YES;
				COPY_PHASE_STRIP = NO;
				DEBUG_INFORMATION_FORMAT = "dwarf-with-dsym";
				DEVELOPMENT_TEAM = DHKZ7WR43P;
				ENABLE_NS_ASSERTIONS = NO;
				ENABLE_STRICT_OBJC_MSGSEND = YES;
				ENABLE_USER_SCRIPT_SANDBOXING = YES;
				GCC_C_LANGUAGE_STANDARD = gnu17;
				GCC_NO_COMMON_BLOCKS = YES;
				GCC_WARN_64_TO_32_BIT_CONVERSION = YES;
				GCC_WARN_ABOUT_RETURN_TYPE = YES_ERROR;
				GCC_WARN_UNDECLARED_SELECTOR = YES;
				GCC_WARN_UNINITIALIZED_AUTOS = YES_AGGRESSIVE;
				GCC_WARN_UNUSED_FUNCTION = YES;
				GCC_WARN_UNUSED_VARIABLE = YES;
				IPHONEOS_DEPLOYMENT_TARGET = 26.2;
				LOCALIZATION_PREFERS_STRING_CATALOGS = YES;
				MTL_ENABLE_DEBUG_INFO = NO;
				MTL_FAST_MATH = YES;
				SDKROOT = iphoneos;
				SWIFT_COMPILATION_MODE = wholemodule;
				VALIDATE_PRODUCT = YES;
			};
			name = Release;
		};
		D2B91CF82F5AFD02005AE3AA /* Debug */ = {
			isa = XCBuildConfiguration;
			buildSettings = {
				BUNDLE_LOADER = "$(TEST_HOST)";
				CODE_SIGN_STYLE = Automatic;
				CURRENT_PROJECT_VERSION = 1;
				DEVELOPMENT_TEAM = DHKZ7WR43P;
				GENERATE_INFOPLIST_FILE = YES;
				IPHONEOS_DEPLOYMENT_TARGET = 26.2;
				MARKETING_VERSION = 1.0;
				PRODUCT_BUNDLE_IDENTIFIER = com.sakrist.MocapMetricTests;
				PRODUCT_NAME = "$(TARGET_NAME)";
				STRING_CATALOG_GENERATE_SYMBOLS = NO;
				SWIFT_APPROACHABLE_CONCURRENCY = YES;
				SWIFT_EMIT_LOC_STRINGS = NO;
				SWIFT_UPCOMING_FEATURE_MEMBER_IMPORT_VISIBILITY = YES;
				SWIFT_VERSION = 5.0;
				TARGETED_DEVICE_FAMILY = "1,2";
				TEST_HOST = "$(BUILT_PRODUCTS_DIR)/MocapMetric.app/$(BUNDLE_EXECUTABLE_FOLDER_PATH)/MocapMetric";
			};
			name = Debug;
		};
		D2B91CF92F5AFD02005AE3AA /* Release */ = {
			isa = XCBuildConfiguration;
			buildSettings = {
				BUNDLE_LOADER = "$(TEST_HOST)";
				CODE_SIGN_STYLE = Automatic;
				CURRENT_PROJECT_VERSION = 1;
				DEVELOPMENT_TEAM = DHKZ7WR43P;
				GENERATE_INFOPLIST_FILE = YES;
				IPHONEOS_DEPLOYMENT_TARGET = 26.2;
				MARKETING_VERSION = 1.0;
				PRODUCT_BUNDLE_IDENTIFIER = com.sakrist.MocapMetricTests;
				PRODUCT_NAME = "$(TARGET_NAME)";
				STRING_CATALOG_GENERATE_SYMBOLS = NO;
				SWIFT_APPROACHABLE_CONCURRENCY = YES;
				SWIFT_EMIT_LOC_STRINGS = NO;
				SWIFT_UPCOMING_FEATURE_MEMBER_IMPORT_VISIBILITY = YES;
				SWIFT_VERSION = 5.0;
				TARGETED_DEVICE_FAMILY = "1,2";
				TEST_HOST = "$(BUILT_PRODUCTS_DIR)/MocapMetric.app/$(BUNDLE_EXECUTABLE_FOLDER_PATH)/MocapMetric";
			};
			name = Release;
		};
		D2B91D232F5B0122005AE3AA /* Debug */ = {
			isa = XCBuildConfiguration;
			buildSettings = {
				ASSETCATALOG_COMPILER_APPICON_NAME = AppIcon;
				ASSETCATALOG_COMPILER_GLOBAL_ACCENT_COLOR_NAME = AccentColor;
				CODE_SIGN_ENTITLEMENTS = MocapMetricWatch/MocapMetricWatch.entitlements;
				CODE_SIGN_STYLE = Automatic;
				CURRENT_PROJECT_VERSION = 1;
				DEVELOPMENT_TEAM = DHKZ7WR43P;
				ENABLE_PREVIEWS = YES;
				GENERATE_INFOPLIST_FILE = YES;
				INFOPLIST_FILE = MocapMetricWatch/Info.plist;
				INFOPLIST_KEY_CFBundleDisplayName = MocapMetric;
				INFOPLIST_KEY_NSHealthShareUsageDescription = "Used to keep motion recording active during a Watch session.";
				INFOPLIST_KEY_NSHealthUpdateUsageDescription = "Used to start a workout session while recording motion on Apple Watch.";
				INFOPLIST_KEY_NSMicrophoneUsageDescription = "Record audio notes while capturing swing motion data.";
				INFOPLIST_KEY_NSMotionUsageDescription = "Use motion sensors to record and analyze swing movement.";
				INFOPLIST_KEY_UISupportedInterfaceOrientations = "UIInterfaceOrientationPortrait UIInterfaceOrientationPortraitUpsideDown";
				INFOPLIST_KEY_WKCompanionAppBundleIdentifier = com.sakrist.MocapMetric;
				LD_RUNPATH_SEARCH_PATHS = (
					"$(inherited)",
					"@executable_path/Frameworks",
				);
				MARKETING_VERSION = 1.0;
				PRODUCT_BUNDLE_IDENTIFIER = com.sakrist.MocapMetric.watchkitapp;
				PRODUCT_NAME = "$(TARGET_NAME)";
				SDKROOT = watchos;
				SKIP_INSTALL = YES;
				STRING_CATALOG_GENERATE_SYMBOLS = YES;
				SWIFT_APPROACHABLE_CONCURRENCY = YES;
				SWIFT_DEFAULT_ACTOR_ISOLATION = MainActor;
				SWIFT_EMIT_LOC_STRINGS = YES;
				SWIFT_UPCOMING_FEATURE_MEMBER_IMPORT_VISIBILITY = YES;
				SWIFT_VERSION = 5.0;
				TARGETED_DEVICE_FAMILY = 4;
				WATCHOS_DEPLOYMENT_TARGET = 26.0;
			};
			name = Debug;
		};
		D2B91D242F5B0122005AE3AA /* Release */ = {
			isa = XCBuildConfiguration;
			buildSettings = {
				ASSETCATALOG_COMPILER_APPICON_NAME = AppIcon;
				ASSETCATALOG_COMPILER_GLOBAL_ACCENT_COLOR_NAME = AccentColor;
				CODE_SIGN_ENTITLEMENTS = MocapMetricWatch/MocapMetricWatch.entitlements;
				CODE_SIGN_STYLE = Automatic;
				CURRENT_PROJECT_VERSION = 1;
				DEVELOPMENT_TEAM = DHKZ7WR43P;
				ENABLE_PREVIEWS = YES;
				GENERATE_INFOPLIST_FILE = YES;
				INFOPLIST_FILE = MocapMetricWatch/Info.plist;
				INFOPLIST_KEY_CFBundleDisplayName = MocapMetric;
				INFOPLIST_KEY_NSHealthShareUsageDescription = "Used to keep motion recording active during a Watch session.";
				INFOPLIST_KEY_NSHealthUpdateUsageDescription = "Used to start a workout session while recording motion on Apple Watch.";
				INFOPLIST_KEY_NSMicrophoneUsageDescription = "Record audio notes while capturing swing motion data.";
				INFOPLIST_KEY_NSMotionUsageDescription = "Use motion sensors to record and analyze swing movement.";
				INFOPLIST_KEY_UISupportedInterfaceOrientations = "UIInterfaceOrientationPortrait UIInterfaceOrientationPortraitUpsideDown";
				INFOPLIST_KEY_WKCompanionAppBundleIdentifier = com.sakrist.MocapMetric;
				LD_RUNPATH_SEARCH_PATHS = (
					"$(inherited)",
					"@executable_path/Frameworks",
				);
				MARKETING_VERSION = 1.0;
				PRODUCT_BUNDLE_IDENTIFIER = com.sakrist.MocapMetric.watchkitapp;
				PRODUCT_NAME = "$(TARGET_NAME)";
				SDKROOT = watchos;
				SKIP_INSTALL = YES;
				STRING_CATALOG_GENERATE_SYMBOLS = YES;
				SWIFT_APPROACHABLE_CONCURRENCY = YES;
				SWIFT_DEFAULT_ACTOR_ISOLATION = MainActor;
				SWIFT_EMIT_LOC_STRINGS = YES;
				SWIFT_UPCOMING_FEATURE_MEMBER_IMPORT_VISIBILITY = YES;
				SWIFT_VERSION = 5.0;
				TARGETED_DEVICE_FAMILY = 4;
				WATCHOS_DEPLOYMENT_TARGET = 26.0;
			};
			name = Release;
		};
/* End XCBuildConfiguration section */

/* Begin XCConfigurationList section */
		D2B91CC92F5AFCFF005AE3AA /* Build configuration list for PBXProject "MocapMetric" */ = {
			isa = XCConfigurationList;
			buildConfigurations = (
				D2B91CF52F5AFD02005AE3AA /* Debug */,
				D2B91CF62F5AFD02005AE3AA /* Release */,
			);
			defaultConfigurationIsVisible = 0;
			defaultConfigurationName = Release;
		};
		D2B91CF22F5AFD02005AE3AA /* Build configuration list for PBXNativeTarget "MocapMetric" */ = {
			isa = XCConfigurationList;
			buildConfigurations = (
				D2B91CF32F5AFD02005AE3AA /* Debug */,
				D2B91CF42F5AFD02005AE3AA /* Release */,
			);
			defaultConfigurationIsVisible = 0;
			defaultConfigurationName = Release;
		};
		D2B91CF72F5AFD02005AE3AA /* Build configuration list for PBXNativeTarget "MocapMetricTests" */ = {
			isa = XCConfigurationList;
			buildConfigurations = (
				D2B91CF82F5AFD02005AE3AA /* Debug */,
				D2B91CF92F5AFD02005AE3AA /* Release */,
			);
			defaultConfigurationIsVisible = 0;
			defaultConfigurationName = Release;
		};
		D2B91D222F5B0122005AE3AA /* Build configuration list for PBXNativeTarget "MocapMetricWatch" */ = {
			isa = XCConfigurationList;
			buildConfigurations = (
				D2B91D232F5B0122005AE3AA /* Debug */,
				D2B91D242F5B0122005AE3AA /* Release */,
			);
			defaultConfigurationIsVisible = 0;
			defaultConfigurationName = Release;
		};
/* End XCConfigurationList section */

/* Begin XCLocalSwiftPackageReference section */
		D21E4C412FA7F00600BCBA5A /* XCLocalSwiftPackageReference "../WatchMotionRecordingKit" */ = {
			isa = XCLocalSwiftPackageReference;
			relativePath = ../WatchMotionRecordingKit;
		};
/* End XCLocalSwiftPackageReference section */

/* Begin XCSwiftPackageProductDependency section */
		D21E4C422FA7F00600BCBA5A /* WatchMotionRecordingKit */ = {
			isa = XCSwiftPackageProductDependency;
			productName = WatchMotionRecordingKit;
		};
/* End XCSwiftPackageProductDependency section */
	};
	rootObject = D2B91CC62F5AFCFF005AE3AA /* Project object */;
}
